
Microsoft Visual Studio Solution File, Format Version 12.00
# Visual Studio Version 16
VisualStudioVersion = 16.0.36227.6
MinimumVisualStudioVersion = 10.0.40219.1
Project("{FAE04EC0-301F-11D3-BF4B-00C04F79EFBC}") = "proyectoFinalPrn115", "proyectoFinalPrn115.csproj", "{C9632E24-863A-4333-A0BC-2B7342A49542}"
EndProject
Global
	GlobalSection(SolutionConfigurationPlatforms) = preSolution
		Debug|Any CPU = Debug|Any CPU
		Release|Any CPU = Release|Any CPU
	EndGlobalSection
	GlobalSection(ProjectConfigurationPlatforms) = postSolution
		{C9632E24-863A-4333-A0BC-2B7342A49542}.Debug|Any CPU.ActiveCfg = Debug|Any CPU
		{C9632E24-863A-4333-A0BC-2B7342A49542}.Debug|Any CPU.Build.0 = Debug|Any CPU
		{C9632E24-863A-4333-A0BC-2B7342A49542}.Release|Any CPU.ActiveCfg = Release|Any CPU
		{C9632E24-863A-4333-A0BC-2B7342A49542}.Release|Any CPU.Build.0 = Release|Any CPU
	EndGlobalSection
	GlobalSection(SolutionProperties) = preSolution
		HideSolutionNode = FALSE
	EndGlobalSection
	GlobalSection(ExtensibilityGlobals) = postSolution
		SolutionGuid = {368A9D40-A733-47F5-9CAC-5444B0A095A1}
	EndGlobalSection
EndGlobal
